// !$*UTF8*$!
{
	archiveVersion = 1;
	classes = {
	};
	objectVersion = 50;
	objects = {

/* Begin PBXBuildFile section */
		D4C8556C208D87AE00C1195F /* AppDelegate.swift in Sources */ = {isa = PBXBuildFile; fileRef = D4C8556B208D87AE00C1195F /* AppDelegate.swift */; };
		D4C85571208D87AE00C1195F /* Main.storyboard in Resources */ = {isa = PBXBuildFile; fileRef = D4C8556F208D87AE00C1195F /* Main.storyboard */; };
		D4C85573208D87B100C1195F /* Assets.xcassets in Resources */ = {isa = PBXBuildFile; fileRef = D4C85572208D87B100C1195F /* Assets.xcassets */; };
		D4C85576208D87B100C1195F /* LaunchScreen.storyboard in Resources */ = {isa = PBXBuildFile; fileRef = D4C85574208D87B100C1195F /* LaunchScreen.storyboard */; };
		D4C85581208D87B100C1195F /* FoodPinTests.swift in Sources */ = {isa = PBXBuildFile; fileRef = D4C85580208D87B100C1195F /* FoodPinTests.swift */; };
		D4C8558C208D8A6000C1195F /* RestaurantTableViewController.swift in Sources */ = {isa = PBXBuildFile; fileRef = D4C8558B208D8A6000C1195F /* RestaurantTableViewController.swift */; };
		D4C8558E208EC3E400C1195F /* RestaurantTableViewCell.swift in Sources */ = {isa = PBXBuildFile; fileRef = D4C8558D208EC3E400C1195F /* RestaurantTableViewCell.swift */; };
/* End PBXBuildFile section */

/* Begin PBXContainerItemProxy section */
		D4C8557D208D87B100C1195F /* PBXContainerItemProxy */ = {
			isa = PBXContainerItemProxy;
			containerPortal = D4C85560208D87AE00C1195F /* Project object */;
			proxyType = 1;
			remoteGlobalIDString = D4C85567208D87AE00C1195F;
			remoteInfo = FoodPin;
		};
/* End PBXContainerItemProxy section */

/* Begin PBXFileReference section */
		D4C85568208D87AE00C1195F /* FoodPin.app */ = {isa = PBXFileReference; explicitFileType = wrapper.application; includeInIndex = 0; path = FoodPin.app; sourceTree = BUILT_PRODUCTS_DIR; };
		D4C8556B208D87AE00C1195F /* AppDelegate.swift */ = {isa = PBXFileReference; lastKnownFileType = sourcecode.swift; path = AppDelegate.swift; sourceTree = "<group>"; };
		D4C85570208D87AE00C1195F /* Base */ = {isa = PBXFileReference; lastKnownFileType = file.storyboard; name = Base; path = Base.lproj/Main.storyboard; sourceTree = "<group>"; };
		D4C85572208D87B100C1195F /* Assets.xcassets */ = {isa = PBXFileReference; lastKnownFileType = folder.assetcatalog; path = Assets.xcassets; sourceTree = "<group>"; };
		D4C85575208D87B100C1195F /* Base */ = {isa = PBXFileReference; lastKnownFileType = file.storyboard; name = Base; path = Base.lproj/LaunchScreen.storyboard; sourceTree = "<group>"; };
		D4C85577208D87B100C1195F /* Info.plist */ = {isa = PBXFileReference; lastKnownFileType = text.plist.xml; path = Info.plist; sourceTree = "<group>"; };
		D4C8557C208D87B100C1195F /* FoodPinTests.xctest */ = {isa = PBXFileReference; explicitFileType = wrapper.cfbundle; includeInIndex = 0; path = FoodPinTests.xctest; sourceTree = BUILT_PRODUCTS_DIR; };
		D4C85580208D87B100C1195F /* FoodPinTests.swift */ = {isa = PBXFileReference; lastKnownFileType = sourcecode.swift; path = FoodPinTests.swift; sourceTree = "<group>"; };
		D4C85582208D87B100C1195F /* Info.plist */ = {isa = PBXFileReference; lastKnownFileType = text.plist.xml; path = Info.plist; sourceTree = "<group>"; };
		D4C8558B208D8A6000C1195F /* RestaurantTableViewController.swift */ = {isa = PBXFileReference; lastKnownFileType = sourcecode.swift; path = RestaurantTableViewController.swift; sourceTree = "<group>"; };
		D4C8558D208EC3E400C1195F /* RestaurantTableViewCell.swift */ = {isa = PBXFileReference; lastKnownFileType = sourcecode.swift; path = RestaurantTableViewCell.swift; sourceTree = "<group>"; };
/* End PBXFileReference section */

/* Begin PBXFrameworksBuildPhase section */
		D4C85565208D87AE00C1195F /* Frameworks */ = {
			isa = PBXFrameworksBuildPhase;
			buildActionMask = 2147483647;
			files = (
			);
			runOnlyForDeploymentPostprocessing = 0;
		};
		D4C85579208D87B100C1195F /* Frameworks */ = {
			isa = PBXFrameworksBuildPhase;
			buildActionMask = 2147483647;
			files = (
			);
			runOnlyForDeploymentPostprocessing = 0;
		};
/* End PBXFrameworksBuildPhase section */

/* Begin PBXGroup section */
		D4C8555F208D87AE00C1195F = {
			isa = PBXGroup;
			children = (
				D4C8556A208D87AE00C1195F /* FoodPin */,
				D4C8557F208D87B100C1195F /* FoodPinTests */,
				D4C85569208D87AE00C1195F /* Products */,
			);
			sourceTree = "<group>";
		};
		D4C85569208D87AE00C1195F /* Products */ = {
			isa = PBXGroup;
			children = (
				D4C85568208D87AE00C1195F /* FoodPin.app */,
				D4C8557C208D87B100C1195F /* FoodPinTests.xctest */,
			);
			name = Products;
			sourceTree = "<group>";
		};
		D4C8556A208D87AE00C1195F /* FoodPin */ = {
			isa = PBXGroup;
			children = (
				D4C8556B208D87AE00C1195F /* AppDelegate.swift */,
				D4C8556F208D87AE00C1195F /* Main.storyboard */,
				D4C8558D208EC3E400C1195F /* RestaurantTableViewCell.swift */,
				D4C8558B208D8A6000C1195F /* RestaurantTableViewController.swift */,
				D4C85572208D87B100C1195F /* Assets.xcassets */,
				D4C85574208D87B100C1195F /* LaunchScreen.storyboard */,
				D4C85577208D87B100C1195F /* Info.plist */,
			);
			path = FoodPin;
			sourceTree = "<group>";
		};
		D4C8557F208D87B100C1195F /* FoodPinTests */ = {
			isa = PBXGroup;
			children = (
				D4C85580208D87B100C1195F /* FoodPinTests.swift */,
				D4C85582208D87B100C1195F /* Info.plist */,
			);
			path = FoodPinTests;
			sourceTree = "<group>";
		};
/* End PBXGroup section */

/* Begin PBXNativeTarget section */
		D4C85567208D87AE00C1195F /* FoodPin */ = {
			isa = PBXNativeTarget;
			buildConfigurationList = D4C85585208D87B100C1195F /* Build configuration list for PBXNativeTarget "FoodPin" */;
			buildPhases = (
				D4C85564208D87AE00C1195F /* Sources */,
				D4C85565208D87AE00C1195F /* Frameworks */,
				D4C85566208D87AE00C1195F /* Resources */,
			);
			buildRules = (
			);
			dependencies = (
			);
			name = FoodPin;
			productName = FoodPin;
			productReference = D4C85568208D87AE00C1195F /* FoodPin.app */;
			productType = "com.apple.product-type.application";
		};
		D4C8557B208D87B100C1195F /* FoodPinTests */ = {
			isa = PBXNativeTarget;
			buildConfigurationList = D4C85588208D87B100C1195F /* Build configuration list for PBXNativeTarget "FoodPinTests" */;
			buildPhases = (
				D4C85578208D87B100C1195F /* Sources */,
				D4C85579208D87B100C1195F /* Frameworks */,
				D4C8557A208D87B100C1195F /* Resources */,
			);
			buildRules = (
			);
			dependencies = (
				D4C8557E208D87B100C1195F /* PBXTargetDependency */,
			);
			name = FoodPinTests;
			productName = FoodPinTests;
			productReference = D4C8557C208D87B100C1195F /* FoodPinTests.xctest */;
			productType = "com.apple.product-type.bundle.unit-test";
		};
/* End PBXNativeTarget section */

/* Begin PBXProject section */
		D4C85560208D87AE00C1195F /* Project object */ = {
			isa = PBXProject;
			attributes = {
				LastSwiftUpdateCheck = 0930;
				LastUpgradeCheck = 0930;
				ORGANIZATIONNAME = "Aleksey Kabishau";
				TargetAttributes = {
					D4C85567208D87AE00C1195F = {
						CreatedOnToolsVersion = 9.3;
					};
					D4C8557B208D87B100C1195F = {
						CreatedOnToolsVersion = 9.3;
						TestTargetID = D4C85567208D87AE00C1195F;
					};
				};
			};
			buildConfigurationList = D4C85563208D87AE00C1195F /* Build configuration list for PBXProject "FoodPin" */;
			compatibilityVersion = "Xcode 9.3";
			developmentRegion = en;
			hasScannedForEncodings = 0;
			knownRegions = (
				en,
				Base,
			);
			mainGroup = D4C8555F208D87AE00C1195F;
			productRefGroup = D4C85569208D87AE00C1195F /* Products */;
			projectDirPath = "";
			projectRoot = "";
			targets = (
				D4C85567208D87AE00C1195F /* FoodPin */,
				D4C8557B208D87B100C1195F /* FoodPinTests */,
			);
		};
/* End PBXProject section */

/* Begin PBXResourcesBuildPhase section */
		D4C85566208D87AE00C1195F /* Resources */ = {
			isa = PBXResourcesBuildPhase;
			buildActionMask = 2147483647;
			files = (
				D4C85576208D87B100C1195F /* LaunchScreen.storyboard in Resources */,
				D4C85573208D87B100C1195F /* Assets.xcassets in Resources */,
				D4C85571208D87AE00C1195F /* Main.storyboard in Resources */,
			);
			runOnlyForDeploymentPostprocessing = 0;
		};
		D4C8557A208D87B100C1195F /* Resources */ = {
			isa = PBXResourcesBuildPhase;
			buildActionMask = 2147483647;
			files = (
			);
			runOnlyForDeploymentPostprocessing = 0;
		};
/* End PBXResourcesBuildPhase section */

/* Begin PBXSourcesBuildPhase section */
		D4C85564208D87AE00C1195F /* Sources */ = {
			isa = PBXSourcesBuildPhase;
			buildActionMask = 2147483647;
			files = (
				D4C8558C208D8A6000C1195F /* RestaurantTableViewController.swift in Sources */,
				D4C8558E208EC3E400C1195F /* RestaurantTableViewCell.swift in Sources */,
				D4C8556C208D87AE00C1195F /* AppDelegate.swift in Sources */,
			);
			runOnlyForDeploymentPostprocessing = 0;
		};
		D4C85578208D87B100C1195F /* Sources */ = {
			isa = PBXSourcesBuildPhase;
			buildActionMask = 2147483647;
			files = (
				D4C85581208D87B100C1195F /* FoodPinTests.swift in Sources */,
			);
			runOnlyForDeploymentPostprocessing = 0;
		};
/* End PBXSourcesBuildPhase section */

/* Begin PBXTargetDependency section */
		D4C8557E208D87B100C1195F /* PBXTargetDependency */ = {
			isa = PBXTargetDependency;
			target = D4C85567208D87AE00C1195F /* FoodPin */;
			targetProxy = D4C8557D208D87B100C1195F /* PBXContainerItemProxy */;
		};
/* End PBXTargetDependency section */

/* Begin PBXVariantGroup section */
		D4C8556F208D87AE00C1195F /* Main.storyboard */ = {
			isa = PBXVariantGroup;
			children = (
				D4C85570208D87AE00C1195F /* Base */,
			);
			name = Main.storyboard;
			sourceTree = "<group>";
		};
		D4C85574208D87B100C1195F /* LaunchScreen.storyboard */ = {
			isa = PBXVariantGroup;
			children = (
				D4C85575208D87B100C1195F /* Base */,
			);
			name = LaunchScreen.storyboard;
			sourceTree = "<group>";
		};
/* End PBXVariantGroup section */

/* Begin XCBuildConfiguration section */
		D4C85583208D87B100C1195F /* Debug */ = {
			isa = XCBuildConfiguration;
			buildSettings = {
				ALWAYS_SEARCH_USER_PATHS = NO;
				CLANG_ANALYZER_NONNULL = YES;
				CLANG_ANALYZER_NUMBER_OBJECT_CONVERSION = YES_AGGRESSIVE;
				CLANG_CXX_LANGUAGE_STANDARD = "gnu++14";
				CLANG_CXX_LIBRARY = "libc++";
				CLANG_ENABLE_MODULES = YES;
				CLANG_ENABLE_OBJC_ARC = YES;
				CLANG_ENABLE_OBJC_WEAK = YES;
				CLANG_WARN_BLOCK_CAPTURE_AUTORELEASING = YES;
				CLANG_WARN_BOOL_CONVERSION = YES;
				CLANG_WARN_COMMA = YES;
				CLANG_WARN_CONSTANT_CONVERSION = YES;
				CLANG_WARN_DEPRECATED_OBJC_IMPLEMENTATIONS = YES;
				CLANG_WARN_DIRECT_OBJC_ISA_USAGE = YES_ERROR;
				CLANG_WARN_DOCUMENTATION_COMMENTS = YES;
				CLANG_WARN_EMPTY_BODY = YES;
				CLANG_WARN_ENUM_CONVERSION = YES;
				CLANG_WARN_INFINITE_RECURSION = YES;
				CLANG_WARN_INT_CONVERSION = YES;
				CLANG_WARN_NON_LITERAL_NULL_CONVERSION = YES;
				CLANG_WARN_OBJC_IMPLICIT_RETAIN_SELF = YES;
				CLANG_WARN_OBJC_LITERAL_CONVERSION = YES;
				CLANG_WARN_OBJC_ROOT_CLASS = YES_ERROR;
				CLANG_WARN_RANGE_LOOP_ANALYSIS = YES;
				CLANG_WARN_STRICT_PROTOTYPES = YES;
				CLANG_WARN_SUSPICIOUS_MOVE = YES;
				CLANG_WARN_UNGUARDED_AVAILABILITY = YES_AGGRESSIVE;
				CLANG_WARN_UNREACHABLE_CODE = YES;
				CLANG_WARN__DUPLICATE_METHOD_MATCH = YES;
				CODE_SIGN_IDENTITY = "iPhone Developer";
				COPY_PHASE_STRIP = NO;
				DEBUG_INFORMATION_FORMAT = dwarf;
				ENABLE_STRICT_OBJC_MSGSEND = YES;
				ENABLE_TESTABILITY = YES;
				GCC_C_LANGUAGE_STANDARD = gnu11;
				GCC_DYNAMIC_NO_PIC = NO;
				GCC_NO_COMMON_BLOCKS = YES;
				GCC_OPTIMIZATION_LEVEL = 0;
				GCC_PREPROCESSOR_DEFINITIONS = (
					"DEBUG=1",
					"$(inherited)",
				);
				GCC_WARN_64_TO_32_BIT_CONVERSION = YES;
				GCC_WARN_ABOUT_RETURN_TYPE = YES_ERROR;
				GCC_WARN_UNDECLARED_SELECTOR = YES;
				GCC_WARN_UNINITIALIZED_AUTOS = YES_AGGRESSIVE;
				GCC_WARN_UNUSED_FUNCTION = YES;
				GCC_WARN_UNUSED_VARIABLE = YES;
				IPHONEOS_DEPLOYMENT_TARGET = 11.3;
				MTL_ENABLE_DEBUG_INFO = YES;
				ONLY_ACTIVE_ARCH = YES;
				SDKROOT = iphoneos;
				SWIFT_ACTIVE_COMPILATION_CONDITIONS = DEBUG;
				SWIFT_OPTIMIZATION_LEVEL = "-Onone";
			};
			name = Debug;
		};
		D4C85584208D87B100C1195F /* Release */ = {
			isa = XCBuildConfiguration;
			buildSettings = {
				ALWAYS_SEARCH_USER_PATHS = NO;
				CLANG_ANALYZER_NONNULL = YES;
				CLANG_ANALYZER_NUMBER_OBJECT_CONVERSION = YES_AGGRESSIVE;
				CLANG_CXX_LANGUAGE_STANDARD = "gnu++14";
				CLANG_CXX_LIBRARY = "libc++";
				CLANG_ENABLE_MODULES = YES;
				CLANG_ENABLE_OBJC_ARC = YES;
				CLANG_ENABLE_OBJC_WEAK = YES;
				CLANG_WARN_BLOCK_CAPTURE_AUTORELEASING = YES;
				CLANG_WARN_BOOL_CONVERSION = YES;
				CLANG_WARN_COMMA = YES;
				CLANG_WARN_CONSTANT_CONVERSION = YES;
				CLANG_WARN_DEPRECATED_OBJC_IMPLEMENTATIONS = YES;
				CLANG_WARN_DIRECT_OBJC_ISA_USAGE = YES_ERROR;
				CLANG_WARN_DOCUMENTATION_COMMENTS = YES;
				CLANG_WARN_EMPTY_BODY = YES;
				CLANG_WARN_ENUM_CONVERSION = YES;
				CLANG_WARN_INFINITE_RECURSION = YES;
				CLANG_WARN_INT_CONVERSION = YES;
				CLANG_WARN_NON_LITERAL_NULL_CONVERSION = YES;
				CLANG_WARN_OBJC_IMPLICIT_RETAIN_SELF = YES;
				CLANG_WARN_OBJC_LITERAL_CONVERSION = YES;
				CLANG_WARN_OBJC_ROOT_CLASS = YES_ERROR;
				CLANG_WARN_RANGE_LOOP_ANALYSIS = YES;
				CLANG_WARN_STRICT_PROTOTYPES = YES;
				CLANG_WARN_SUSPICIOUS_MOVE = YES;
				CLANG_WARN_UNGUARDED_AVAILABILITY = YES_AGGRESSIVE;
				CLANG_WARN_UNREACHABLE_CODE = YES;
				CLANG_WARN__DUPLICATE_METHOD_MATCH = YES;
				CODE_SIGN_IDENTITY = "iPhone Developer";
				COPY_PHASE_STRIP = NO;
				DEBUG_INFORMATION_FORMAT = "dwarf-with-dsym";
				ENABLE_NS_ASSERTIONS = NO;
				ENABLE_STRICT_OBJC_MSGSEND = YES;
				GCC_C_LANGUAGE_STANDARD = gnu11;
				GCC_NO_COMMON_BLOCKS = YES;
				GCC_WARN_64_TO_32_BIT_CONVERSION = YES;
				GCC_WARN_ABOUT_RETURN_TYPE = YES_ERROR;
				GCC_WARN_UNDECLARED_SELECTOR = YES;
				GCC_WARN_UNINITIALIZED_AUTOS = YES_AGGRESSIVE;
				GCC_WARN_UNUSED_FUNCTION = YES;
				GCC_WARN_UNUSED_VARIABLE = YES;
				IPHONEOS_DEPLOYMENT_TARGET = 11.3;
				MTL_ENABLE_DEBUG_INFO = NO;
				SDKROOT = iphoneos;
				SWIFT_COMPILATION_MODE = wholemodule;
				SWIFT_OPTIMIZATION_LEVEL = "-O";
				VALIDATE_PRODUCT = YES;
			};
			name = Release;
		};
		D4C85586208D87B100C1195F /* Debug */ = {
			isa = XCBuildConfiguration;
			buildSettings = {
				ASSETCATALOG_COMPILER_APPICON_NAME = AppIcon;
				CODE_SIGN_STYLE = Automatic;
				DEVELOPMENT_TEAM = 7L32597M73;
				INFOPLIST_FILE = FoodPin/Info.plist;
				LD_RUNPATH_SEARCH_PATHS = (
					"$(inherited)",
					"@executable_path/Frameworks",
				);
				PRODUCT_BUNDLE_IDENTIFIER = com.dreamline.FoodPin;
				PRODUCT_NAME = "$(TARGET_NAME)";
				SWIFT_VERSION = 4.0;
				TARGETED_DEVICE_FAMILY = "1,2";
			};
			name = Debug;
		};
		D4C85587208D87B100C1195F /* Release */ = {
			isa = XCBuildConfiguration;
			buildSettings = {
				ASSETCATALOG_COMPILER_APPICON_NAME = AppIcon;
				CODE_SIGN_STYLE = Automatic;
				DEVELOPMENT_TEAM = 7L32597M73;
				INFOPLIST_FILE = FoodPin/Info.plist;
				LD_RUNPATH_SEARCH_PATHS = (
					"$(inherited)",
					"@executable_path/Frameworks",
				);
				PRODUCT_BUNDLE_IDENTIFIER = com.dreamline.FoodPin;
				PRODUCT_NAME = "$(TARGET_NAME)";
				SWIFT_VERSION = 4.0;
				TARGETED_DEVICE_FAMILY = "1,2";
			};
			name = Release;
		};
		D4C85589208D87B100C1195F /* Debug */ = {
			isa = XCBuildConfiguration;
			buildSettings = {
				ALWAYS_EMBED_SWIFT_STANDARD_LIBRARIES = YES;
				BUNDLE_LOADER = "$(TEST_HOST)";
				CODE_SIGN_STYLE = Automatic;
				DEVELOPMENT_TEAM = 7L32597M73;
				INFOPLIST_FILE = FoodPinTests/Info.plist;
				LD_RUNPATH_SEARCH_PATHS = (
					"$(inherited)",
					"@executable_path/Frameworks",
					"@loader_path/Frameworks",
				);
				PRODUCT_BUNDLE_IDENTIFIER = com.dreamline.FoodPinTests;
				PRODUCT_NAME = "$(TARGET_NAME)";
				SWIFT_VERSION = 4.0;
				TARGETED_DEVICE_FAMILY = "1,2";
				TEST_HOST = "$(BUILT_PRODUCTS_DIR)/FoodPin.app/FoodPin";
			};
			name = Debug;
		};
		D4C8558A208D87B100C1195F /* Release */ = {
			isa = XCBuildConfiguration;
			buildSettings = {
				ALWAYS_EMBED_SWIFT_STANDARD_LIBRARIES = YES;
				BUNDLE_LOADER = "$(TEST_HOST)";
				CODE_SIGN_STYLE = Automatic;
				DEVELOPMENT_TEAM = 7L32597M73;
				INFOPLIST_FILE = FoodPinTests/Info.plist;
				LD_RUNPATH_SEARCH_PATHS = (
					"$(inherited)",
					"@executable_path/Frameworks",
					"@loader_path/Frameworks",
				);
				PRODUCT_BUNDLE_IDENTIFIER = com.dreamline.FoodPinTests;
				PRODUCT_NAME = "$(TARGET_NAME)";
				SWIFT_VERSION = 4.0;
				TARGETED_DEVICE_FAMILY = "1,2";
				TEST_HOST = "$(BUILT_PRODUCTS_DIR)/FoodPin.app/FoodPin";
			};
			name = Release;
		};
/* End XCBuildConfiguration section */

/* Begin XCConfigurationList section */
		D4C85563208D87AE00C1195F /* Build configuration list for PBXProject "FoodPin" */ = {
			isa = XCConfigurationList;
			buildConfigurations = (
				D4C85583208D87B100C1195F /* Debug */,
				D4C85584208D87B100C1195F /* Release */,
			);
			defaultConfigurationIsVisible = 0;
			defaultConfigurationName = Release;
		};
		D4C85585208D87B100C1195F /* Build configuration list for PBXNativeTarget "FoodPin" */ = {
			isa = XCConfigurationList;
			buildConfigurations = (
				D4C85586208D87B100C1195F /* Debug */,
				D4C85587208D87B100C1195F /* Release */,
			);
			defaultConfigurationIsVisible = 0;
			defaultConfigurationName = Release;
		};
		D4C85588208D87B100C1195F /* Build configuration list for PBXNativeTarget "FoodPinTests" */ = {
			isa = XCConfigurationList;
			buildConfigurations = (
				D4C85589208D87B100C1195F /* Debug */,
				D4C8558A208D87B100C1195F /* Release */,
			);
			defaultConfigurationIsVisible = 0;
			defaultConfigurationName = Release;
		};
/* End XCConfigurationList section */
	};
	rootObject = D4C85560208D87AE00C1195F /* Project object */;
}
